
Microsoft Visual Studio Solution File, Format Version 12.00
# Visual Studio Version 16
VisualStudioVersion = 16.0.30503.244
MinimumVisualStudioVersion = 10.0.40219.1
Project("{8BC9CEB8-8B4A-11D0-8D11-00A0C91BC942}") = "SE_Game_Project", "SE_Game_Project\SE_Game_Project.vcxproj", "{DE43919F-1497-4F52-8275-F895219AECEC}"
EndProject
Global
	GlobalSection(SolutionConfigurationPlatforms) = preSolution
		Debug|x64 = Debug|x64
		Debug|x86 = Debug|x86
		Release|x64 = Release|x64
		Release|x86 = Release|x86
	EndGlobalSection
	GlobalSection(ProjectConfigurationPlatforms) = postSolution
		{DE43919F-1497-4F52-8275-F895219AECEC}.Debug|x64.ActiveCfg = Debug|x64
		{DE43919F-1497-4F52-8275-F895219AECEC}.Debug|x64.Build.0 = Debug|x64
		{DE43919F-1497-4F52-8275-F895219AECEC}.Debug|x86.ActiveCfg = Debug|Win32
		{DE43919F-1497-4F52-8275-F895219AECEC}.Debug|x86.Build.0 = Debug|Win32
		{DE43919F-1497-4F52-8275-F895219AECEC}.Release|x64.ActiveCfg = Release|x64
		{DE43919F-1497-4F52-8275-F895219AECEC}.Release|x64.Build.0 = Release|x64
		{DE43919F-1497-4F52-8275-F895219AECEC}.Release|x86.ActiveCfg = Release|Win32
		{DE43919F-1497-4F52-8275-F895219AECEC}.Release|x86.Build.0 = Release|Win32
	EndGlobalSection
	GlobalSection(SolutionProperties) = preSolution
		HideSolutionNode = FALSE
	EndGlobalSection
	GlobalSection(ExtensibilityGlobals) = postSolution
		SolutionGuid = {09A95FB3-8808-4D91-9285-6B4828F67303}
	EndGlobalSection
EndGlobal
